// !$*UTF8*$!
{
	archiveVersion = 1;
	classes = {
	};
	objectVersion = 51;
	objects = {

/* Begin PBXBuildFile section */
		10EB799DFD77233A35811599 /* Pods_MarsPhotosTests.framework in Frameworks */ = {isa = PBXBuildFile; fileRef = 90E535B280E0AB1F714E6DB7 /* Pods_MarsPhotosTests.framework */; };
		7B4472A424A12896005942F4 /* AppDelegate.swift in Sources */ = {isa = PBXBuildFile; fileRef = 7B4472A324A12896005942F4 /* AppDelegate.swift */; };
		7B4472AD24A12899005942F4 /* Assets.xcassets in Resources */ = {isa = PBXBuildFile; fileRef = 7B4472AC24A12899005942F4 /* Assets.xcassets */; };
		7B4472B024A12899005942F4 /* LaunchScreen.storyboard in Resources */ = {isa = PBXBuildFile; fileRef = 7B4472AE24A12899005942F4 /* LaunchScreen.storyboard */; };
		7B4472BB24A1289A005942F4 /* MarsPhotosTests.swift in Sources */ = {isa = PBXBuildFile; fileRef = 7B4472BA24A1289A005942F4 /* MarsPhotosTests.swift */; };
		7B4472CC24A1319A005942F4 /* NasaClient.swift in Sources */ = {isa = PBXBuildFile; fileRef = 7B4472CB24A1319A005942F4 /* NasaClient.swift */; };
		7B4472D124A1453C005942F4 /* Content.swift in Sources */ = {isa = PBXBuildFile; fileRef = 7B4472D024A1453C005942F4 /* Content.swift */; };
		7B4472D624A146E8005942F4 /* PhotoCell.swift in Sources */ = {isa = PBXBuildFile; fileRef = 7B4472D524A146E8005942F4 /* PhotoCell.swift */; };
		7B4472D924A14ADC005942F4 /* Extensions.swift in Sources */ = {isa = PBXBuildFile; fileRef = 7B4472D824A14ADC005942F4 /* Extensions.swift */; };
		7B8F721F24A1A45B003ED20A /* MainCollectionViewController.swift in Sources */ = {isa = PBXBuildFile; fileRef = 7B8F721E24A1A45B003ED20A /* MainCollectionViewController.swift */; };
		7B8F722324A1E2DA003ED20A /* Operations.swift in Sources */ = {isa = PBXBuildFile; fileRef = 7B8F722224A1E2DA003ED20A /* Operations.swift */; };
		7BB9F65F24ABAF91006CE589 /* MarsPhotos.xcdatamodeld in Sources */ = {isa = PBXBuildFile; fileRef = 7BB9F65D24ABAF91006CE589 /* MarsPhotos.xcdatamodeld */; };
		7BB9F66324ABB3B9006CE589 /* RoverPhoto+CoreDataProperties.swift in Sources */ = {isa = PBXBuildFile; fileRef = 7BB9F66224ABB3B9006CE589 /* RoverPhoto+CoreDataProperties.swift */; };
		7BB9F66424ABB3B9006CE589 /* RoverPhoto+CoreDataClass.swift in Sources */ = {isa = PBXBuildFile; fileRef = 7BB9F66124ABB3B9006CE589 /* RoverPhoto+CoreDataClass.swift */; };
		7BB9F66624ABB3F7006CE589 /* DataStack.swift in Sources */ = {isa = PBXBuildFile; fileRef = 7BB9F66524ABB3F7006CE589 /* DataStack.swift */; };
		7BB9F66824ABB41C006CE589 /* DataController.swift in Sources */ = {isa = PBXBuildFile; fileRef = 7BB9F66724ABB41C006CE589 /* DataController.swift */; };
		7BC7577424A42ACC00D68C48 /* photos.json in Resources */ = {isa = PBXBuildFile; fileRef = 7BC7577324A42ACC00D68C48 /* photos.json */; };
		F10425DB2DC0BB3480D4DD25 /* Pods_MarsPhotos.framework in Frameworks */ = {isa = PBXBuildFile; fileRef = 751CEDF3D7E8800EB1D305EC /* Pods_MarsPhotos.framework */; };
/* End PBXBuildFile section */

/* Begin PBXContainerItemProxy section */
		7B4472B724A1289A005942F4 /* PBXContainerItemProxy */ = {
			isa = PBXContainerItemProxy;
			containerPortal = 7B44729824A12896005942F4 /* Project object */;
			proxyType = 1;
			remoteGlobalIDString = 7B44729F24A12896005942F4;
			remoteInfo = MarsPhotos;
		};
/* End PBXContainerItemProxy section */

/* Begin PBXFileReference section */
		14446B04B71F519540EE66CC /* Pods-MarsPhotos.release.xcconfig */ = {isa = PBXFileReference; includeInIndex = 1; lastKnownFileType = text.xcconfig; name = "Pods-MarsPhotos.release.xcconfig"; path = "Target Support Files/Pods-MarsPhotos/Pods-MarsPhotos.release.xcconfig"; sourceTree = "<group>"; };
		3324412527A2D3959B1A8B79 /* Pods-MarsPhotosTests.debug.xcconfig */ = {isa = PBXFileReference; includeInIndex = 1; lastKnownFileType = text.xcconfig; name = "Pods-MarsPhotosTests.debug.xcconfig"; path = "Target Support Files/Pods-MarsPhotosTests/Pods-MarsPhotosTests.debug.xcconfig"; sourceTree = "<group>"; };
		65BE24A655EEB264E179FAB9 /* Pods-MarsPhotos.debug.xcconfig */ = {isa = PBXFileReference; includeInIndex = 1; lastKnownFileType = text.xcconfig; name = "Pods-MarsPhotos.debug.xcconfig"; path = "Target Support Files/Pods-MarsPhotos/Pods-MarsPhotos.debug.xcconfig"; sourceTree = "<group>"; };
		751CEDF3D7E8800EB1D305EC /* Pods_MarsPhotos.framework */ = {isa = PBXFileReference; explicitFileType = wrapper.framework; includeInIndex = 0; path = Pods_MarsPhotos.framework; sourceTree = BUILT_PRODUCTS_DIR; };
		7B4472A024A12896005942F4 /* Planet 4.app */ = {isa = PBXFileReference; explicitFileType = wrapper.application; includeInIndex = 0; path = "Planet 4.app"; sourceTree = BUILT_PRODUCTS_DIR; };
		7B4472A324A12896005942F4 /* AppDelegate.swift */ = {isa = PBXFileReference; lastKnownFileType = sourcecode.swift; path = AppDelegate.swift; sourceTree = "<group>"; };
		7B4472AC24A12899005942F4 /* Assets.xcassets */ = {isa = PBXFileReference; lastKnownFileType = folder.assetcatalog; path = Assets.xcassets; sourceTree = "<group>"; };
		7B4472AF24A12899005942F4 /* Base */ = {isa = PBXFileReference; lastKnownFileType = file.storyboard; name = Base; path = Base.lproj/LaunchScreen.storyboard; sourceTree = "<group>"; };
		7B4472B124A12899005942F4 /* Info.plist */ = {isa = PBXFileReference; lastKnownFileType = text.plist.xml; path = Info.plist; sourceTree = "<group>"; };
		7B4472B624A1289A005942F4 /* MarsPhotosTests.xctest */ = {isa = PBXFileReference; explicitFileType = wrapper.cfbundle; includeInIndex = 0; path = MarsPhotosTests.xctest; sourceTree = BUILT_PRODUCTS_DIR; };
		7B4472BA24A1289A005942F4 /* MarsPhotosTests.swift */ = {isa = PBXFileReference; lastKnownFileType = sourcecode.swift; path = MarsPhotosTests.swift; sourceTree = "<group>"; };
		7B4472BC24A1289A005942F4 /* Info.plist */ = {isa = PBXFileReference; lastKnownFileType = text.plist.xml; path = Info.plist; sourceTree = "<group>"; };
		7B4472CB24A1319A005942F4 /* NasaClient.swift */ = {isa = PBXFileReference; lastKnownFileType = sourcecode.swift; path = NasaClient.swift; sourceTree = "<group>"; };
		7B4472D024A1453C005942F4 /* Content.swift */ = {isa = PBXFileReference; lastKnownFileType = sourcecode.swift; path = Content.swift; sourceTree = "<group>"; };
		7B4472D524A146E8005942F4 /* PhotoCell.swift */ = {isa = PBXFileReference; lastKnownFileType = sourcecode.swift; path = PhotoCell.swift; sourceTree = "<group>"; };
		7B4472D824A14ADC005942F4 /* Extensions.swift */ = {isa = PBXFileReference; lastKnownFileType = sourcecode.swift; path = Extensions.swift; sourceTree = "<group>"; };
		7B8F721E24A1A45B003ED20A /* MainCollectionViewController.swift */ = {isa = PBXFileReference; lastKnownFileType = sourcecode.swift; path = MainCollectionViewController.swift; sourceTree = "<group>"; };
		7B8F722224A1E2DA003ED20A /* Operations.swift */ = {isa = PBXFileReference; lastKnownFileType = sourcecode.swift; path = Operations.swift; sourceTree = "<group>"; };
		7BB9F65E24ABAF91006CE589 /* MarsPhotos.xcdatamodel */ = {isa = PBXFileReference; lastKnownFileType = wrapper.xcdatamodel; path = MarsPhotos.xcdatamodel; sourceTree = "<group>"; };
		7BB9F66124ABB3B9006CE589 /* RoverPhoto+CoreDataClass.swift */ = {isa = PBXFileReference; lastKnownFileType = sourcecode.swift; name = "RoverPhoto+CoreDataClass.swift"; path = "/Users/otioritsejafor/Documents/job interview/MarsPhotos/MarsPhotos/RoverPhoto+CoreDataClass.swift"; sourceTree = "<absolute>"; };
		7BB9F66224ABB3B9006CE589 /* RoverPhoto+CoreDataProperties.swift */ = {isa = PBXFileReference; lastKnownFileType = sourcecode.swift; name = "RoverPhoto+CoreDataProperties.swift"; path = "/Users/otioritsejafor/Documents/job interview/MarsPhotos/MarsPhotos/RoverPhoto+CoreDataProperties.swift"; sourceTree = "<absolute>"; };
		7BB9F66524ABB3F7006CE589 /* DataStack.swift */ = {isa = PBXFileReference; lastKnownFileType = sourcecode.swift; path = DataStack.swift; sourceTree = "<group>"; };
		7BB9F66724ABB41C006CE589 /* DataController.swift */ = {isa = PBXFileReference; lastKnownFileType = sourcecode.swift; path = DataController.swift; sourceTree = "<group>"; };
		7BC7577324A42ACC00D68C48 /* photos.json */ = {isa = PBXFileReference; fileEncoding = 4; lastKnownFileType = text.json; path = photos.json; sourceTree = "<group>"; };
		90E535B280E0AB1F714E6DB7 /* Pods_MarsPhotosTests.framework */ = {isa = PBXFileReference; explicitFileType = wrapper.framework; includeInIndex = 0; path = Pods_MarsPhotosTests.framework; sourceTree = BUILT_PRODUCTS_DIR; };
		BFA1464068F4315EF576DC80 /* Pods-MarsPhotosTests.release.xcconfig */ = {isa = PBXFileReference; includeInIndex = 1; lastKnownFileType = text.xcconfig; name = "Pods-MarsPhotosTests.release.xcconfig"; path = "Target Support Files/Pods-MarsPhotosTests/Pods-MarsPhotosTests.release.xcconfig"; sourceTree = "<group>"; };
/* End PBXFileReference section */

/* Begin PBXFrameworksBuildPhase section */
		7B44729D24A12896005942F4 /* Frameworks */ = {
			isa = PBXFrameworksBuildPhase;
			buildActionMask = 2147483647;
			files = (
				F10425DB2DC0BB3480D4DD25 /* Pods_MarsPhotos.framework in Frameworks */,
			);
			runOnlyForDeploymentPostprocessing = 0;
		};
		7B4472B324A1289A005942F4 /* Frameworks */ = {
			isa = PBXFrameworksBuildPhase;
			buildActionMask = 2147483647;
			files = (
				10EB799DFD77233A35811599 /* Pods_MarsPhotosTests.framework in Frameworks */,
			);
			runOnlyForDeploymentPostprocessing = 0;
		};
/* End PBXFrameworksBuildPhase section */

/* Begin PBXGroup section */
		7B44729724A12896005942F4 = {
			isa = PBXGroup;
			children = (
				7B4472A224A12896005942F4 /* MarsPhotos */,
				7B4472B924A1289A005942F4 /* MarsPhotosTests */,
				7B4472A124A12896005942F4 /* Products */,
				EC8B6AFFAEBE17A004B126D2 /* Pods */,
				E102475C5FC70578FA09292D /* Frameworks */,
			);
			sourceTree = "<group>";
		};
		7B4472A124A12896005942F4 /* Products */ = {
			isa = PBXGroup;
			children = (
				7B4472A024A12896005942F4 /* Planet 4.app */,
				7B4472B624A1289A005942F4 /* MarsPhotosTests.xctest */,
			);
			name = Products;
			sourceTree = "<group>";
		};
		7B4472A224A12896005942F4 /* MarsPhotos */ = {
			isa = PBXGroup;
			children = (
				7BB9F66024ABB231006CE589 /* CoreData */,
				7BB9F65924ABAF4D006CE589 /* Resources */,
				7B4472D724A14AB4005942F4 /* Controller */,
				7B4472D424A146D2005942F4 /* View */,
				7B4472C624A129AE005942F4 /* Model */,
				7B4472A324A12896005942F4 /* AppDelegate.swift */,
				7B4472AC24A12899005942F4 /* Assets.xcassets */,
				7B4472AE24A12899005942F4 /* LaunchScreen.storyboard */,
				7B4472B124A12899005942F4 /* Info.plist */,
				7B4472D824A14ADC005942F4 /* Extensions.swift */,
			);
			path = MarsPhotos;
			sourceTree = "<group>";
		};
		7B4472B924A1289A005942F4 /* MarsPhotosTests */ = {
			isa = PBXGroup;
			children = (
				7BC7577324A42ACC00D68C48 /* photos.json */,
				7B4472BA24A1289A005942F4 /* MarsPhotosTests.swift */,
				7B4472BC24A1289A005942F4 /* Info.plist */,
			);
			path = MarsPhotosTests;
			sourceTree = "<group>";
		};
		7B4472C624A129AE005942F4 /* Model */ = {
			isa = PBXGroup;
			children = (
				7B8F722224A1E2DA003ED20A /* Operations.swift */,
				7B4472CD24A13DE1005942F4 /* Responses */,
				7B4472C924A13144005942F4 /* API */,
			);
			path = Model;
			sourceTree = "<group>";
		};
		7B4472C924A13144005942F4 /* API */ = {
			isa = PBXGroup;
			children = (
				7B4472CB24A1319A005942F4 /* NasaClient.swift */,
			);
			path = API;
			sourceTree = "<group>";
		};
		7B4472CD24A13DE1005942F4 /* Responses */ = {
			isa = PBXGroup;
			children = (
				7B4472D024A1453C005942F4 /* Content.swift */,
			);
			path = Responses;
			sourceTree = "<group>";
		};
		7B4472D424A146D2005942F4 /* View */ = {
			isa = PBXGroup;
			children = (
				7B4472D524A146E8005942F4 /* PhotoCell.swift */,
			);
			path = View;
			sourceTree = "<group>";
		};
		7B4472D724A14AB4005942F4 /* Controller */ = {
			isa = PBXGroup;
			children = (
				7B8F721E24A1A45B003ED20A /* MainCollectionViewController.swift */,
			);
			path = Controller;
			sourceTree = "<group>";
		};
		7BB9F65924ABAF4D006CE589 /* Resources */ = {
			isa = PBXGroup;
			children = (
				7BB9F65D24ABAF91006CE589 /* MarsPhotos.xcdatamodeld */,
			);
			path = Resources;
			sourceTree = "<group>";
		};
		7BB9F66024ABB231006CE589 /* CoreData */ = {
			isa = PBXGroup;
			children = (
				7BB9F66124ABB3B9006CE589 /* RoverPhoto+CoreDataClass.swift */,
				7BB9F66224ABB3B9006CE589 /* RoverPhoto+CoreDataProperties.swift */,
				7BB9F66524ABB3F7006CE589 /* DataStack.swift */,
				7BB9F66724ABB41C006CE589 /* DataController.swift */,
			);
			path = CoreData;
			sourceTree = "<group>";
		};
		E102475C5FC70578FA09292D /* Frameworks */ = {
			isa = PBXGroup;
			children = (
				751CEDF3D7E8800EB1D305EC /* Pods_MarsPhotos.framework */,
				90E535B280E0AB1F714E6DB7 /* Pods_MarsPhotosTests.framework */,
			);
			name = Frameworks;
			sourceTree = "<group>";
		};
		EC8B6AFFAEBE17A004B126D2 /* Pods */ = {
			isa = PBXGroup;
			children = (
				65BE24A655EEB264E179FAB9 /* Pods-MarsPhotos.debug.xcconfig */,
				14446B04B71F519540EE66CC /* Pods-MarsPhotos.release.xcconfig */,
				3324412527A2D3959B1A8B79 /* Pods-MarsPhotosTests.debug.xcconfig */,
				BFA1464068F4315EF576DC80 /* Pods-MarsPhotosTests.release.xcconfig */,
			);
			path = Pods;
			sourceTree = "<group>";
		};
/* End PBXGroup section */

/* Begin PBXNativeTarget section */
		7B44729F24A12896005942F4 /* MarsPhotos */ = {
			isa = PBXNativeTarget;
			buildConfigurationList = 7B4472BF24A1289A005942F4 /* Build configuration list for PBXNativeTarget "MarsPhotos" */;
			buildPhases = (
				26B7534AA95798B6E99A0B38 /* [CP] Check Pods Manifest.lock */,
				7B44729C24A12896005942F4 /* Sources */,
				7B44729D24A12896005942F4 /* Frameworks */,
				7B44729E24A12896005942F4 /* Resources */,
				EE97137D394A359F27737C1D /* [CP] Embed Pods Frameworks */,
			);
			buildRules = (
			);
			dependencies = (
			);
			name = MarsPhotos;
			productName = MarsPhotos;
			productReference = 7B4472A024A12896005942F4 /* Planet 4.app */;
			productType = "com.apple.product-type.application";
		};
		7B4472B524A1289A005942F4 /* MarsPhotosTests */ = {
			isa = PBXNativeTarget;
			buildConfigurationList = 7B4472C224A1289A005942F4 /* Build configuration list for PBXNativeTarget "MarsPhotosTests" */;
			buildPhases = (
				82388FD1E3625AD88C95307B /* [CP] Check Pods Manifest.lock */,
				7B4472B224A1289A005942F4 /* Sources */,
				7B4472B324A1289A005942F4 /* Frameworks */,
				7B4472B424A1289A005942F4 /* Resources */,
			);
			buildRules = (
			);
			dependencies = (
				7B4472B824A1289A005942F4 /* PBXTargetDependency */,
			);
			name = MarsPhotosTests;
			productName = MarsPhotosTests;
			productReference = 7B4472B624A1289A005942F4 /* MarsPhotosTests.xctest */;
			productType = "com.apple.product-type.bundle.unit-test";
		};
/* End PBXNativeTarget section */

/* Begin PBXProject section */
		7B44729824A12896005942F4 /* Project object */ = {
			isa = PBXProject;
			attributes = {
				LastSwiftUpdateCheck = 1150;
				LastUpgradeCheck = 1150;
				ORGANIZATIONNAME = Magloboid;
				TargetAttributes = {
					7B44729F24A12896005942F4 = {
						CreatedOnToolsVersion = 11.5;
					};
					7B4472B524A1289A005942F4 = {
						CreatedOnToolsVersion = 11.5;
						TestTargetID = 7B44729F24A12896005942F4;
					};
				};
			};
			buildConfigurationList = 7B44729B24A12896005942F4 /* Build configuration list for PBXProject "MarsPhotos" */;
			compatibilityVersion = "Xcode 9.3";
			developmentRegion = en;
			hasScannedForEncodings = 0;
			knownRegions = (
				en,
				Base,
			);
			mainGroup = 7B44729724A12896005942F4;
			productRefGroup = 7B4472A124A12896005942F4 /* Products */;
			projectDirPath = "";
			projectRoot = "";
			targets = (
				7B44729F24A12896005942F4 /* MarsPhotos */,
				7B4472B524A1289A005942F4 /* MarsPhotosTests */,
			);
		};
/* End PBXProject section */

/* Begin PBXResourcesBuildPhase section */
		7B44729E24A12896005942F4 /* Resources */ = {
			isa = PBXResourcesBuildPhase;
			buildActionMask = 2147483647;
			files = (
				7B4472B024A12899005942F4 /* LaunchScreen.storyboard in Resources */,
				7B4472AD24A12899005942F4 /* Assets.xcassets in Resources */,
			);
			runOnlyForDeploymentPostprocessing = 0;
		};
		7B4472B424A1289A005942F4 /* Resources */ = {
			isa = PBXResourcesBuildPhase;
			buildActionMask = 2147483647;
			files = (
				7BC7577424A42ACC00D68C48 /* photos.json in Resources */,
			);
			runOnlyForDeploymentPostprocessing = 0;
		};
/* End PBXResourcesBuildPhase section */

/* Begin PBXShellScriptBuildPhase section */
		26B7534AA95798B6E99A0B38 /* [CP] Check Pods Manifest.lock */ = {
			isa = PBXShellScriptBuildPhase;
			buildActionMask = 2147483647;
			files = (
			);
			inputFileListPaths = (
			);
			inputPaths = (
				"${PODS_PODFILE_DIR_PATH}/Podfile.lock",
				"${PODS_ROOT}/Manifest.lock",
			);
			name = "[CP] Check Pods Manifest.lock";
			outputFileListPaths = (
			);
			outputPaths = (
				"$(DERIVED_FILE_DIR)/Pods-MarsPhotos-checkManifestLockResult.txt",
			);
			runOnlyForDeploymentPostprocessing = 0;
			shellPath = /bin/sh;
			shellScript = "diff \"${PODS_PODFILE_DIR_PATH}/Podfile.lock\" \"${PODS_ROOT}/Manifest.lock\" > /dev/null\nif [ $? != 0 ] ; then\n    # print error to STDERR\n    echo \"error: The sandbox is not in sync with the Podfile.lock. Run 'pod install' or update your CocoaPods installation.\" >&2\n    exit 1\nfi\n# This output is used by Xcode 'outputs' to avoid re-running this script phase.\necho \"SUCCESS\" > \"${SCRIPT_OUTPUT_FILE_0}\"\n";
			showEnvVarsInLog = 0;
		};
		82388FD1E3625AD88C95307B /* [CP] Check Pods Manifest.lock */ = {
			isa = PBXShellScriptBuildPhase;
			buildActionMask = 2147483647;
			files = (
			);
			inputFileListPaths = (
			);
			inputPaths = (
				"${PODS_PODFILE_DIR_PATH}/Podfile.lock",
				"${PODS_ROOT}/Manifest.lock",
			);
			name = "[CP] Check Pods Manifest.lock";
			outputFileListPaths = (
			);
			outputPaths = (
				"$(DERIVED_FILE_DIR)/Pods-MarsPhotosTests-checkManifestLockResult.txt",
			);
			runOnlyForDeploymentPostprocessing = 0;
			shellPath = /bin/sh;
			shellScript = "diff \"${PODS_PODFILE_DIR_PATH}/Podfile.lock\" \"${PODS_ROOT}/Manifest.lock\" > /dev/null\nif [ $? != 0 ] ; then\n    # print error to STDERR\n    echo \"error: The sandbox is not in sync with the Podfile.lock. Run 'pod install' or update your CocoaPods installation.\" >&2\n    exit 1\nfi\n# This output is used by Xcode 'outputs' to avoid re-running this script phase.\necho \"SUCCESS\" > \"${SCRIPT_OUTPUT_FILE_0}\"\n";
			showEnvVarsInLog = 0;
		};
		EE97137D394A359F27737C1D /* [CP] Embed Pods Frameworks */ = {
			isa = PBXShellScriptBuildPhase;
			buildActionMask = 2147483647;
			files = (
			);
			inputFileListPaths = (
				"${PODS_ROOT}/Target Support Files/Pods-MarsPhotos/Pods-MarsPhotos-frameworks-${CONFIGURATION}-input-files.xcfilelist",
			);
			name = "[CP] Embed Pods Frameworks";
			outputFileListPaths = (
				"${PODS_ROOT}/Target Support Files/Pods-MarsPhotos/Pods-MarsPhotos-frameworks-${CONFIGURATION}-output-files.xcfilelist",
			);
			runOnlyForDeploymentPostprocessing = 0;
			shellPath = /bin/sh;
			shellScript = "\"${PODS_ROOT}/Target Support Files/Pods-MarsPhotos/Pods-MarsPhotos-frameworks.sh\"\n";
			showEnvVarsInLog = 0;
		};
/* End PBXShellScriptBuildPhase section */

/* Begin PBXSourcesBuildPhase section */
		7B44729C24A12896005942F4 /* Sources */ = {
			isa = PBXSourcesBuildPhase;
			buildActionMask = 2147483647;
			files = (
				7B4472D624A146E8005942F4 /* PhotoCell.swift in Sources */,
				7BB9F66824ABB41C006CE589 /* DataController.swift in Sources */,
				7B8F722324A1E2DA003ED20A /* Operations.swift in Sources */,
				7B4472D124A1453C005942F4 /* Content.swift in Sources */,
				7B4472A424A12896005942F4 /* AppDelegate.swift in Sources */,
				7BB9F66324ABB3B9006CE589 /* RoverPhoto+CoreDataProperties.swift in Sources */,
				7B8F721F24A1A45B003ED20A /* MainCollectionViewController.swift in Sources */,
				7B4472D924A14ADC005942F4 /* Extensions.swift in Sources */,
				7B4472CC24A1319A005942F4 /* NasaClient.swift in Sources */,
				7BB9F66624ABB3F7006CE589 /* DataStack.swift in Sources */,
				7BB9F65F24ABAF91006CE589 /* MarsPhotos.xcdatamodeld in Sources */,
				7BB9F66424ABB3B9006CE589 /* RoverPhoto+CoreDataClass.swift in Sources */,
			);
			runOnlyForDeploymentPostprocessing = 0;
		};
		7B4472B224A1289A005942F4 /* Sources */ = {
			isa = PBXSourcesBuildPhase;
			buildActionMask = 2147483647;
			files = (
				7B4472BB24A1289A005942F4 /* MarsPhotosTests.swift in Sources */,
			);
			runOnlyForDeploymentPostprocessing = 0;
		};
/* End PBXSourcesBuildPhase section */

/* Begin PBXTargetDependency section */
		7B4472B824A1289A005942F4 /* PBXTargetDependency */ = {
			isa = PBXTargetDependency;
			target = 7B44729F24A12896005942F4 /* MarsPhotos */;
			targetProxy = 7B4472B724A1289A005942F4 /* PBXContainerItemProxy */;
		};
/* End PBXTargetDependency section */

/* Begin PBXVariantGroup section */
		7B4472AE24A12899005942F4 /* LaunchScreen.storyboard */ = {
			isa = PBXVariantGroup;
			children = (
				7B4472AF24A12899005942F4 /* Base */,
			);
			name = LaunchScreen.storyboard;
			sourceTree = "<group>";
		};
/* End PBXVariantGroup section */

/* Begin XCBuildConfiguration section */
		7B4472BD24A1289A005942F4 /* Debug */ = {
			isa = XCBuildConfiguration;
			buildSettings = {
				ALWAYS_SEARCH_USER_PATHS = NO;
				CLANG_ANALYZER_NONNULL = YES;
				CLANG_ANALYZER_NUMBER_OBJECT_CONVERSION = YES_AGGRESSIVE;
				CLANG_CXX_LANGUAGE_STANDARD = "gnu++14";
				CLANG_CXX_LIBRARY = "libc++";
				CLANG_ENABLE_MODULES = YES;
				CLANG_ENABLE_OBJC_ARC = YES;
				CLANG_ENABLE_OBJC_WEAK = YES;
				CLANG_WARN_BLOCK_CAPTURE_AUTORELEASING = YES;
				CLANG_WARN_BOOL_CONVERSION = YES;
				CLANG_WARN_COMMA = YES;
				CLANG_WARN_CONSTANT_CONVERSION = YES;
				CLANG_WARN_DEPRECATED_OBJC_IMPLEMENTATIONS = YES;
				CLANG_WARN_DIRECT_OBJC_ISA_USAGE = YES_ERROR;
				CLANG_WARN_DOCUMENTATION_COMMENTS = YES;
				CLANG_WARN_EMPTY_BODY = YES;
				CLANG_WARN_ENUM_CONVERSION = YES;
				CLANG_WARN_INFINITE_RECURSION = YES;
				CLANG_WARN_INT_CONVERSION = YES;
				CLANG_WARN_NON_LITERAL_NULL_CONVERSION = YES;
				CLANG_WARN_OBJC_IMPLICIT_RETAIN_SELF = YES;
				CLANG_WARN_OBJC_LITERAL_CONVERSION = YES;
				CLANG_WARN_OBJC_ROOT_CLASS = YES_ERROR;
				CLANG_WARN_RANGE_LOOP_ANALYSIS = YES;
				CLANG_WARN_STRICT_PROTOTYPES = YES;
				CLANG_WARN_SUSPICIOUS_MOVE = YES;
				CLANG_WARN_UNGUARDED_AVAILABILITY = YES_AGGRESSIVE;
				CLANG_WARN_UNREACHABLE_CODE = YES;
				CLANG_WARN__DUPLICATE_METHOD_MATCH = YES;
				COPY_PHASE_STRIP = NO;
				DEBUG_INFORMATION_FORMAT = dwarf;
				ENABLE_STRICT_OBJC_MSGSEND = YES;
				ENABLE_TESTABILITY = YES;
				GCC_C_LANGUAGE_STANDARD = gnu11;
				GCC_DYNAMIC_NO_PIC = NO;
				GCC_NO_COMMON_BLOCKS = YES;
				GCC_OPTIMIZATION_LEVEL = 0;
				GCC_PREPROCESSOR_DEFINITIONS = (
					"DEBUG=1",
					"$(inherited)",
				);
				GCC_WARN_64_TO_32_BIT_CONVERSION = YES;
				GCC_WARN_ABOUT_RETURN_TYPE = YES_ERROR;
				GCC_WARN_UNDECLARED_SELECTOR = YES;
				GCC_WARN_UNINITIALIZED_AUTOS = YES_AGGRESSIVE;
				GCC_WARN_UNUSED_FUNCTION = YES;
				GCC_WARN_UNUSED_VARIABLE = YES;
				IPHONEOS_DEPLOYMENT_TARGET = 13.5;
				MTL_ENABLE_DEBUG_INFO = INCLUDE_SOURCE;
				MTL_FAST_MATH = YES;
				ONLY_ACTIVE_ARCH = YES;
				SDKROOT = iphoneos;
				SWIFT_ACTIVE_COMPILATION_CONDITIONS = DEBUG;
				SWIFT_OPTIMIZATION_LEVEL = "-Onone";
			};
			name = Debug;
		};
		7B4472BE24A1289A005942F4 /* Release */ = {
			isa = XCBuildConfiguration;
			buildSettings = {
				ALWAYS_SEARCH_USER_PATHS = NO;
				CLANG_ANALYZER_NONNULL = YES;
				CLANG_ANALYZER_NUMBER_OBJECT_CONVERSION = YES_AGGRESSIVE;
				CLANG_CXX_LANGUAGE_STANDARD = "gnu++14";
				CLANG_CXX_LIBRARY = "libc++";
				CLANG_ENABLE_MODULES = YES;
				CLANG_ENABLE_OBJC_ARC = YES;
				CLANG_ENABLE_OBJC_WEAK = YES;
				CLANG_WARN_BLOCK_CAPTURE_AUTORELEASING = YES;
				CLANG_WARN_BOOL_CONVERSION = YES;
				CLANG_WARN_COMMA = YES;
				CLANG_WARN_CONSTANT_CONVERSION = YES;
				CLANG_WARN_DEPRECATED_OBJC_IMPLEMENTATIONS = YES;
				CLANG_WARN_DIRECT_OBJC_ISA_USAGE = YES_ERROR;
				CLANG_WARN_DOCUMENTATION_COMMENTS = YES;
				CLANG_WARN_EMPTY_BODY = YES;
				CLANG_WARN_ENUM_CONVERSION = YES;
				CLANG_WARN_INFINITE_RECURSION = YES;
				CLANG_WARN_INT_CONVERSION = YES;
				CLANG_WARN_NON_LITERAL_NULL_CONVERSION = YES;
				CLANG_WARN_OBJC_IMPLICIT_RETAIN_SELF = YES;
				CLANG_WARN_OBJC_LITERAL_CONVERSION = YES;
				CLANG_WARN_OBJC_ROOT_CLASS = YES_ERROR;
				CLANG_WARN_RANGE_LOOP_ANALYSIS = YES;
				CLANG_WARN_STRICT_PROTOTYPES = YES;
				CLANG_WARN_SUSPICIOUS_MOVE = YES;
				CLANG_WARN_UNGUARDED_AVAILABILITY = YES_AGGRESSIVE;
				CLANG_WARN_UNREACHABLE_CODE = YES;
				CLANG_WARN__DUPLICATE_METHOD_MATCH = YES;
				COPY_PHASE_STRIP = NO;
				DEBUG_INFORMATION_FORMAT = "dwarf-with-dsym";
				ENABLE_NS_ASSERTIONS = NO;
				ENABLE_STRICT_OBJC_MSGSEND = YES;
				GCC_C_LANGUAGE_STANDARD = gnu11;
				GCC_NO_COMMON_BLOCKS = YES;
				GCC_WARN_64_TO_32_BIT_CONVERSION = YES;
				GCC_WARN_ABOUT_RETURN_TYPE = YES_ERROR;
				GCC_WARN_UNDECLARED_SELECTOR = YES;
				GCC_WARN_UNINITIALIZED_AUTOS = YES_AGGRESSIVE;
				GCC_WARN_UNUSED_FUNCTION = YES;
				GCC_WARN_UNUSED_VARIABLE = YES;
				IPHONEOS_DEPLOYMENT_TARGET = 13.5;
				MTL_ENABLE_DEBUG_INFO = NO;
				MTL_FAST_MATH = YES;
				SDKROOT = iphoneos;
				SWIFT_COMPILATION_MODE = wholemodule;
				SWIFT_OPTIMIZATION_LEVEL = "-O";
				VALIDATE_PRODUCT = YES;
			};
			name = Release;
		};
		7B4472C024A1289A005942F4 /* Debug */ = {
			isa = XCBuildConfiguration;
			baseConfigurationReference = 65BE24A655EEB264E179FAB9 /* Pods-MarsPhotos.debug.xcconfig */;
			buildSettings = {
				ASSETCATALOG_COMPILER_APPICON_NAME = AppIcon;
				CODE_SIGN_STYLE = Automatic;
				DEVELOPMENT_TEAM = 8ZC2VCSWH7;
				INFOPLIST_FILE = MarsPhotos/Info.plist;
				LD_RUNPATH_SEARCH_PATHS = (
					"$(inherited)",
					"@executable_path/Frameworks",
				);
				PRODUCT_BUNDLE_IDENTIFIER = com.magloboid.MarsPhotos;
				PRODUCT_NAME = "Planet 4";
				SWIFT_VERSION = 5.0;
				TARGETED_DEVICE_FAMILY = "1,2";
			};
			name = Debug;
		};
		7B4472C124A1289A005942F4 /* Release */ = {
			isa = XCBuildConfiguration;
			baseConfigurationReference = 14446B04B71F519540EE66CC /* Pods-MarsPhotos.release.xcconfig */;
			buildSettings = {
				ASSETCATALOG_COMPILER_APPICON_NAME = AppIcon;
				CODE_SIGN_STYLE = Automatic;
				DEVELOPMENT_TEAM = 8ZC2VCSWH7;
				INFOPLIST_FILE = MarsPhotos/Info.plist;
				LD_RUNPATH_SEARCH_PATHS = (
					"$(inherited)",
					"@executable_path/Frameworks",
				);
				PRODUCT_BUNDLE_IDENTIFIER = com.magloboid.MarsPhotos;
				PRODUCT_NAME = "Planet 4";
				SWIFT_VERSION = 5.0;
				TARGETED_DEVICE_FAMILY = "1,2";
			};
			name = Release;
		};
		7B4472C324A1289A005942F4 /* Debug */ = {
			isa = XCBuildConfiguration;
			baseConfigurationReference = 3324412527A2D3959B1A8B79 /* Pods-MarsPhotosTests.debug.xcconfig */;
			buildSettings = {
				ALWAYS_EMBED_SWIFT_STANDARD_LIBRARIES = YES;
				BUNDLE_LOADER = "$(TEST_HOST)";
				CODE_SIGN_STYLE = Automatic;
				DEVELOPMENT_TEAM = 8ZC2VCSWH7;
				INFOPLIST_FILE = MarsPhotosTests/Info.plist;
				IPHONEOS_DEPLOYMENT_TARGET = 13.5;
				LD_RUNPATH_SEARCH_PATHS = (
					"$(inherited)",
					"@executable_path/Frameworks",
					"@loader_path/Frameworks",
				);
				PRODUCT_BUNDLE_IDENTIFIER = com.magloboid.MarsPhotosTests;
				PRODUCT_NAME = "$(TARGET_NAME)";
				SWIFT_VERSION = 5.0;
				TARGETED_DEVICE_FAMILY = "1,2";
				TEST_HOST = "$(BUILT_PRODUCTS_DIR)/MarsPhotos.app/MarsPhotos";
			};
			name = Debug;
		};
		7B4472C424A1289A005942F4 /* Release */ = {
			isa = XCBuildConfiguration;
			baseConfigurationReference = BFA1464068F4315EF576DC80 /* Pods-MarsPhotosTests.release.xcconfig */;
			buildSettings = {
				ALWAYS_EMBED_SWIFT_STANDARD_LIBRARIES = YES;
				BUNDLE_LOADER = "$(TEST_HOST)";
				CODE_SIGN_STYLE = Automatic;
				DEVELOPMENT_TEAM = 8ZC2VCSWH7;
				INFOPLIST_FILE = MarsPhotosTests/Info.plist;
				IPHONEOS_DEPLOYMENT_TARGET = 13.5;
				LD_RUNPATH_SEARCH_PATHS = (
					"$(inherited)",
					"@executable_path/Frameworks",
					"@loader_path/Frameworks",
				);
				PRODUCT_BUNDLE_IDENTIFIER = com.magloboid.MarsPhotosTests;
				PRODUCT_NAME = "$(TARGET_NAME)";
				SWIFT_VERSION = 5.0;
				TARGETED_DEVICE_FAMILY = "1,2";
				TEST_HOST = "$(BUILT_PRODUCTS_DIR)/MarsPhotos.app/MarsPhotos";
			};
			name = Release;
		};
/* End XCBuildConfiguration section */

/* Begin XCConfigurationList section */
		7B44729B24A12896005942F4 /* Build configuration list for PBXProject "MarsPhotos" */ = {
			isa = XCConfigurationList;
			buildConfigurations = (
				7B4472BD24A1289A005942F4 /* Debug */,
				7B4472BE24A1289A005942F4 /* Release */,
			);
			defaultConfigurationIsVisible = 0;
			defaultConfigurationName = Release;
		};
		7B4472BF24A1289A005942F4 /* Build configuration list for PBXNativeTarget "MarsPhotos" */ = {
			isa = XCConfigurationList;
			buildConfigurations = (
				7B4472C024A1289A005942F4 /* Debug */,
				7B4472C124A1289A005942F4 /* Release */,
			);
			defaultConfigurationIsVisible = 0;
			defaultConfigurationName = Release;
		};
		7B4472C224A1289A005942F4 /* Build configuration list for PBXNativeTarget "MarsPhotosTests" */ = {
			isa = XCConfigurationList;
			buildConfigurations = (
				7B4472C324A1289A005942F4 /* Debug */,
				7B4472C424A1289A005942F4 /* Release */,
			);
			defaultConfigurationIsVisible = 0;
			defaultConfigurationName = Release;
		};
/* End XCConfigurationList section */

/* Begin XCVersionGroup section */
		7BB9F65D24ABAF91006CE589 /* MarsPhotos.xcdatamodeld */ = {
			isa = XCVersionGroup;
			children = (
				7BB9F65E24ABAF91006CE589 /* MarsPhotos.xcdatamodel */,
			);
			currentVersion = 7BB9F65E24ABAF91006CE589 /* MarsPhotos.xcdatamodel */;
			path = MarsPhotos.xcdatamodeld;
			sourceTree = "<group>";
			versionGroupType = wrapper.xcdatamodel;
		};
/* End XCVersionGroup section */
	};
	rootObject = 7B44729824A12896005942F4 /* Project object */;
}
